version: 1
checksums:
  9b42906396ac0615a2066bd037c63ddf:
    nav/work: 8511de4788623b09e595581433c410bd
    nav/about: 944521eeeed2511833d2299931273c71
    nav/creative: 97e922b5475e6ecaa86de338a34fbf12
    nav/contact: 9afa39bc47019ee6dec6c74b6273967c
    hero/badge: d35fd3a69f6b41ee91649cdb95f4cc6d
    hero/headline_line1: 4e5f845a09d417dde0a1310bc9ca4bfe
    hero/headline_line2: 1ab96e0606762b5139d594acf132af94
    hero/sub: 02a3a65a0ab1bd6c4137f50e97f592d5
    hero/cta: aeff37ceec2fa6da4b0cb17e5bebe913
    hero/ctaAbout: 2143f5406d1eec5b83cff6daa4ba873f
    hero/workflowLabel: cff50d89d478c3905502adb315fbd2dc
    hero/live: 77a9c14fc9762e0e058e9b5ae04c8d15
    work/selectedWork: 7c805ba7c2c8e0eeab4b2df47e5e4015
    work/viewAll: e2a62e8f49c7cd18dc4d6e5a7135f730
    work/locked: 9125224bf6f11f12e026542521b44e00
    work/aiBuilt: 82d4b9f9d98d8f022935df7e676b5398
    creative/title: 97e922b5475e6ecaa86de338a34fbf12
    creative/viewAll: e2a62e8f49c7cd18dc4d6e5a7135f730
    now/title: f022d9ec8c424cb390d4757712936010
    now/workingOn: def2246e968186050c01d4ad8eaf2019
    now/thinkingAbout: 85d1ac3eb3b12fdeb6c7fb189f10a332
    now/listeningTo: 3fe8e44f7685b8d41a32ab1e9bd51b2d
    now/seattle: e1d4212e0ca1f3c4e657ac55d292a697
    about/label: 944521eeeed2511833d2299931273c71
    about/headline: 75c982f1d680072badb79066df47f53f
    about/sub: 53db2b40bc52e8994a3870e954661b09
    about/storyLabel: 5487ca38fbce95a74905627545a7051f
    about/chapters/taiwan/title: 940b6975c47cbf2b567d53c75ed19454
    about/chapters/taiwan/body: 4062834c70656708e06eda09750a974d
    about/chapters/dance/title: fb641c97e4c8cdfd61d635c0acc00344
    about/chapters/dance/body: e8ba1864910841ab842342b74f192a03
    about/chapters/film/title: d60d07b3eda9b2caa37c2296f3f026a6
    about/chapters/film/body: b37d259ccb9ec05c5d647bbbb978dd01
    about/chapters/ux/title: afb61c6c428478eeef46b0a0488079f4
    about/chapters/ux/body: 33edbe6922320d258a1b76400a9c94d5
    about/philosophyPre: 2dd73352b8d1b9247146cb1375ce4d0d
    about/philosophyEmphasis1: c67b990d4521a8b1e17fb21da8dab240
    about/philosophyMid: 81f480a4c52ff7185e42b4b5c00376a7
    about/philosophyEmphasis2: 06cacd7cc0e1ddc758b42f2d138acf78
    about/experienceLabel: c3e0d278cfa1c14e9477e3d5c8c39ce0
    about/howIWorkLabel: cff50d89d478c3905502adb315fbd2dc
    about/live: 77a9c14fc9762e0e058e9b5ae04c8d15
    about/figmaDesc: 8307526998a727e7a80787aa59fc19e4
    about/cursorDesc: 5e4ddd7ee5b70f48266cfcc78f87f437
    about/vercelDesc: de1d547505b37de464e0241373d11947
    contact/label: 9afa39bc47019ee6dec6c74b6273967c
    contact/headline: 592a04715e4554e039ef3aece0fe4480
    footer/built: 4a8c99310a1c7b72cc123cc06df997e9
    tags/ux: 2bb67df31a4f6b915074ab94bc9d7734
    tags/taipei_seattle: 15feba291f069706c70e8d23ffb8f0f5
    tags/figma_claude: 627079e148b0640fd954689d19a6d685
    tags/film: 8ee97f801dd5d564e453b36fda43c072
    tags/photographer: 7153963aa35faa76c27c3be194e713b0
    tags/dancer: 4366a073ce9052c365fb033d397206ec
    tags/pets: 4f47924ed45df5b4c8796c4dd077aa26
    tags/no_driving: 4ab20b3659036da9dcf0525b69c6b920
